{
  "name": "rhenum-configs",
  "version": "1.0.23",
  "lockfileVersion": 3,
  "requires": true,
  "packages": {
    "": {
      "name": "rhenum-configs",
      "version": "1.0.23",
      "license": "MIT",
      "bin": {
        "create-rhenum-configs": "create-rhenum-configs.js"
      },
      "engines": {
        "node": ">=20.0.0"
      }
    }
  }
}
